
Microsoft Visual Studio Solution File, Format Version 12.00
# Visual Studio Version 17
VisualStudioVersion = 17.9.34728.123
MinimumVisualStudioVersion = 10.0.40219.1
Project("{FAE04EC0-301F-11D3-BF4B-00C04F79EFBC}") = "EnglishApp", "EnglishApp.csproj", "{5F29025E-16FC-4FB0-8826-853F46E9D7DF}"
EndProject
Global
	GlobalSection(SolutionConfigurationPlatforms) = preSolution
		Debug|Any CPU = Debug|Any CPU
		Release|Any CPU = Release|Any CPU
	EndGlobalSection
	GlobalSection(ProjectConfigurationPlatforms) = postSolution
		{5F29025E-16FC-4FB0-8826-853F46E9D7DF}.Debug|Any CPU.ActiveCfg = Debug|Any CPU
		{5F29025E-16FC-4FB0-8826-853F46E9D7DF}.Debug|Any CPU.Build.0 = Debug|Any CPU
		{5F29025E-16FC-4FB0-8826-853F46E9D7DF}.Release|Any CPU.ActiveCfg = Release|Any CPU
		{5F29025E-16FC-4FB0-8826-853F46E9D7DF}.Release|Any CPU.Build.0 = Release|Any CPU
	EndGlobalSection
	GlobalSection(SolutionProperties) = preSolution
		HideSolutionNode = FALSE
	EndGlobalSection
	GlobalSection(ExtensibilityGlobals) = postSolution
		SolutionGuid = {C09C80AD-4466-4823-8F48-BB9091CDED54}
	EndGlobalSection
EndGlobal
